
Microsoft Visual Studio Solution File, Format Version 12.00
# Visual Studio Version 17
VisualStudioVersion = 17.14.36616.10 d17.14
MinimumVisualStudioVersion = 10.0.40219.1
Project("{8BC9CEB8-8B4A-11D0-8D11-00A0C91BC942}") = "VA2025_Code", "VA2025_Code\VA2025_Code.vcxproj", "{1E3BB90C-5698-4CED-9C61-60C88AB7B58F}"
EndProject
Global
	GlobalSection(SolutionConfigurationPlatforms) = preSolution
		Debug|ARM = Debug|ARM
		Debug|ARM64 = Debug|ARM64
		Release|ARM = Release|ARM
		Release|ARM64 = Release|ARM64
	EndGlobalSection
	GlobalSection(ProjectConfigurationPlatforms) = postSolution
		{1E3BB90C-5698-4CED-9C61-60C88AB7B58F}.Debug|ARM.ActiveCfg = Debug|ARM
		{1E3BB90C-5698-4CED-9C61-60C88AB7B58F}.Debug|ARM.Build.0 = Debug|ARM
		{1E3BB90C-5698-4CED-9C61-60C88AB7B58F}.Debug|ARM.Deploy.0 = Debug|ARM
		{1E3BB90C-5698-4CED-9C61-60C88AB7B58F}.Debug|ARM64.ActiveCfg = Debug|ARM64
		{1E3BB90C-5698-4CED-9C61-60C88AB7B58F}.Debug|ARM64.Build.0 = Debug|ARM64
		{1E3BB90C-5698-4CED-9C61-60C88AB7B58F}.Debug|ARM64.Deploy.0 = Debug|ARM64
		{1E3BB90C-5698-4CED-9C61-60C88AB7B58F}.Release|ARM.ActiveCfg = Release|ARM
		{1E3BB90C-5698-4CED-9C61-60C88AB7B58F}.Release|ARM.Build.0 = Release|ARM
		{1E3BB90C-5698-4CED-9C61-60C88AB7B58F}.Release|ARM.Deploy.0 = Release|ARM
		{1E3BB90C-5698-4CED-9C61-60C88AB7B58F}.Release|ARM64.ActiveCfg = Release|ARM64
		{1E3BB90C-5698-4CED-9C61-60C88AB7B58F}.Release|ARM64.Build.0 = Release|ARM64
		{1E3BB90C-5698-4CED-9C61-60C88AB7B58F}.Release|ARM64.Deploy.0 = Release|ARM64
	EndGlobalSection
	GlobalSection(SolutionProperties) = preSolution
		HideSolutionNode = FALSE
	EndGlobalSection
	GlobalSection(ExtensibilityGlobals) = postSolution
		SolutionGuid = {555B09F8-4363-4EB8-86D9-D20CFE0A1F91}
	EndGlobalSection
EndGlobal
